
Microsoft Visual Studio Solution File, Format Version 12.00
# Visual Studio Version 17
VisualStudioVersion = 17.5.002.0
MinimumVisualStudioVersion = 10.0.40219.1
Project("{2150E333-8FDC-42A3-9474-1A3956D46DE8}") = "src", "src", "{32992C2C-4FFD-49CE-9DA0-3D659C700E28}"
EndProject
Project("{9A19103F-16F7-4668-BE54-9A1E7A4F7556}") = "Purger", "src\Purger.Api\Purger.csproj", "{E97A4777-8077-428C-AD1B-4D61B34422F0}"
EndProject
Global
	GlobalSection(SolutionConfigurationPlatforms) = preSolution
		Debug|Any CPU = Debug|Any CPU
		Release|Any CPU = Release|Any CPU
	EndGlobalSection
	GlobalSection(ProjectConfigurationPlatforms) = postSolution
		{E97A4777-8077-428C-AD1B-4D61B34422F0}.Debug|Any CPU.ActiveCfg = Debug|Any CPU
		{E97A4777-8077-428C-AD1B-4D61B34422F0}.Debug|Any CPU.Build.0 = Debug|Any CPU
		{E97A4777-8077-428C-AD1B-4D61B34422F0}.Release|Any CPU.ActiveCfg = Release|Any CPU
		{E97A4777-8077-428C-AD1B-4D61B34422F0}.Release|Any CPU.Build.0 = Release|Any CPU
	EndGlobalSection
	GlobalSection(SolutionProperties) = preSolution
		HideSolutionNode = FALSE
	EndGlobalSection
	GlobalSection(NestedProjects) = preSolution
		{E97A4777-8077-428C-AD1B-4D61B34422F0} = {32992C2C-4FFD-49CE-9DA0-3D659C700E28}
	EndGlobalSection
	GlobalSection(ExtensibilityGlobals) = postSolution
		SolutionGuid = {43A66B15-BE23-41D2-BC65-EE3960EC71F1}
	EndGlobalSection
EndGlobal
